{
    "version": 3,
    "terraform_version": "0.11.7",
    "serial": 17,
    "lineage": "61ca2090-240d-7938-7479-9bf8e1e79f0b",
    "modules": [
        {
            "path": [
                "root"
            ],
            "outputs": {
                "Admin account name": {
                    "sensitive": false,
                    "type": "string",
                    "value": "1"
                },
                "Admin account password": {
                    "sensitive": false,
                    "type": "string",
                    "value": "Use private key"
                },
                "Public IP": {
                    "sensitive": false,
                    "type": "string",
                    "value": "52.174.239.157"
                },
                "Public IP FQDN": {
                    "sensitive": false,
                    "type": "string",
                    "value": "single-inst.westeurope.cloudapp.azure.com"
                }
            },
            "resources": {},
            "depends_on": []
        },
        {
            "path": [
                "root",
                "single_instance"
            ],
            "outputs": {
                "admin_password": {
                    "sensitive": false,
                    "type": "string",
                    "value": "Use private key"
                },
                "admin_user": {
                    "sensitive": false,
                    "type": "string",
                    "value": "1"
                },
                "instance_nic_id": {
                    "sensitive": false,
                    "type": "string",
                    "value": "/subscriptions/0961db38-e6ef-4ff0-a9e1-7f67e1bf61bc/resourceGroups/single_inst_rsgrp/providers/Microsoft.Network/networkInterfaces/single_inst_nic"
                },
                "network_id": {
                    "sensitive": false,
                    "type": "string",
                    "value": "/subscriptions/0961db38-e6ef-4ff0-a9e1-7f67e1bf61bc/resourceGroups/single_inst_rsgrp/providers/Microsoft.Network/virtualNetworks/single_instance_network"
                },
                "public_ip": {
                    "sensitive": false,
                    "type": "string",
                    "value": "52.174.239.157"
                },
                "public_ip_fqdn": {
                    "sensitive": false,
                    "type": "string",
                    "value": "single-inst.westeurope.cloudapp.azure.com"
                },
                "resource_group_id": {
                    "sensitive": false,
                    "type": "string",
                    "value": "/subscriptions/0961db38-e6ef-4ff0-a9e1-7f67e1bf61bc/resourceGroups/single_inst_rsgrp"
                },
                "security_group_id": {
                    "sensitive": false,
                    "type": "string",
                    "value": "/subscriptions/0961db38-e6ef-4ff0-a9e1-7f67e1bf61bc/resourceGroups/single_inst_rsgrp/providers/Microsoft.Network/networkSecurityGroups/single_instance_sc_grp"
                },
                "storage_account_id": {
                    "sensitive": false,
                    "type": "string",
                    "value": "/subscriptions/0961db38-e6ef-4ff0-a9e1-7f67e1bf61bc/resourceGroups/single_inst_rsgrp/providers/Microsoft.Storage/storageAccounts/singleinststracc"
                }
            },
            "resources": {
                "azurerm_network_interface.single_instance_nic": {
                    "type": "azurerm_network_interface",
                    "depends_on": [
                        "azurerm_public_ip.single_instance_pub_ip",
                        "azurerm_resource_group.single_instance_rs_grp",
                        "azurerm_subnet.single_instance_subnet"
                    ],
                    "primary": {
                        "id": "/subscriptions/0961db38-e6ef-4ff0-a9e1-7f67e1bf61bc/resourceGroups/single_inst_rsgrp/providers/Microsoft.Network/networkInterfaces/single_inst_nic",
                        "attributes": {
                            "applied_dns_servers.#": "0",
                            "dns_servers.#": "0",
                            "enable_accelerated_networking": "false",
                            "enable_ip_forwarding": "false",
                            "id": "/subscriptions/0961db38-e6ef-4ff0-a9e1-7f67e1bf61bc/resourceGroups/single_inst_rsgrp/providers/Microsoft.Network/networkInterfaces/single_inst_nic",
                            "internal_dns_name_label": "",
                            "internal_fqdn": "",
                            "ip_configuration.#": "1",
                            "ip_configuration.0.application_gateway_backend_address_pools_ids.#": "0",
                            "ip_configuration.0.application_security_group_ids.#": "0",
                            "ip_configuration.0.load_balancer_backend_address_pools_ids.#": "0",
                            "ip_configuration.0.load_balancer_inbound_nat_rules_ids.#": "0",
                            "ip_configuration.0.name": "single_inst_nic_conf",
                            "ip_configuration.0.primary": "true",
                            "ip_configuration.0.private_ip_address": "",
                            "ip_configuration.0.private_ip_address_allocation": "dynamic",
                            "ip_configuration.0.public_ip_address_id": "/subscriptions/0961db38-e6ef-4ff0-a9e1-7f67e1bf61bc/resourceGroups/single_inst_rsgrp/providers/Microsoft.Network/publicIPAddresses/single_inst_pub_ip",
                            "ip_configuration.0.subnet_id": "/subscriptions/0961db38-e6ef-4ff0-a9e1-7f67e1bf61bc/resourceGroups/single_inst_rsgrp/providers/Microsoft.Network/virtualNetworks/single_instance_network/subnets/single_instance_subnet",
                            "location": "westeurope",
                            "mac_address": "00-0D-3A-38-BD-C7",
                            "name": "single_inst_nic",
                            "network_security_group_id": "",
                            "private_ip_address": "192.168.1.4",
                            "private_ip_addresses.#": "1",
                            "private_ip_addresses.0": "192.168.1.4",
                            "resource_group_name": "single_inst_rsgrp",
                            "tags.%": "0",
                            "virtual_machine_id": "/subscriptions/0961db38-e6ef-4ff0-a9e1-7f67e1bf61bc/resourceGroups/single_inst_rsgrp/providers/Microsoft.Compute/virtualMachines/single_instance"
                        },
                        "meta": {},
                        "tainted": false
                    },
                    "deposed": [],
                    "provider": "provider.azurerm"
                },
                "azurerm_network_security_group.single_instance_sc_grp": {
                    "type": "azurerm_network_security_group",
                    "depends_on": [
                        "azurerm_resource_group.single_instance_rs_grp"
                    ],
                    "primary": {
                        "id": "/subscriptions/0961db38-e6ef-4ff0-a9e1-7f67e1bf61bc/resourceGroups/single_inst_rsgrp/providers/Microsoft.Network/networkSecurityGroups/single_instance_sc_grp",
                        "attributes": {
                            "id": "/subscriptions/0961db38-e6ef-4ff0-a9e1-7f67e1bf61bc/resourceGroups/single_inst_rsgrp/providers/Microsoft.Network/networkSecurityGroups/single_instance_sc_grp",
                            "location": "westeurope",
                            "name": "single_instance_sc_grp",
                            "resource_group_name": "single_inst_rsgrp",
                            "security_rule.#": "2",
                            "security_rule.179545796.access": "Allow",
                            "security_rule.179545796.description": "",
                            "security_rule.179545796.destination_address_prefix": "*",
                            "security_rule.179545796.destination_address_prefixes.#": "0",
                            "security_rule.179545796.destination_application_security_group_ids.#": "0",
                            "security_rule.179545796.destination_port_range": "22",
                            "security_rule.179545796.destination_port_ranges.#": "0",
                            "security_rule.179545796.direction": "Inbound",
                            "security_rule.179545796.name": "Inbouund access for SSH",
                            "security_rule.179545796.priority": "101",
                            "security_rule.179545796.protocol": "Tcp",
                            "security_rule.179545796.source_address_prefix": "*",
                            "security_rule.179545796.source_address_prefixes.#": "0",
                            "security_rule.179545796.source_application_security_group_ids.#": "0",
                            "security_rule.179545796.source_port_range": "*",
                            "security_rule.179545796.source_port_ranges.#": "0",
                            "security_rule.612833470.access": "Allow",
                            "security_rule.612833470.description": "",
                            "security_rule.612833470.destination_address_prefix": "*",
                            "security_rule.612833470.destination_address_prefixes.#": "0",
                            "security_rule.612833470.destination_application_security_group_ids.#": "0",
                            "security_rule.612833470.destination_port_range": "*",
                            "security_rule.612833470.destination_port_ranges.#": "0",
                            "security_rule.612833470.direction": "Outbound",
                            "security_rule.612833470.name": "Outbound access for TCP",
                            "security_rule.612833470.priority": "100",
                            "security_rule.612833470.protocol": "Tcp",
                            "security_rule.612833470.source_address_prefix": "*",
                            "security_rule.612833470.source_address_prefixes.#": "0",
                            "security_rule.612833470.source_application_security_group_ids.#": "0",
                            "security_rule.612833470.source_port_range": "*",
                            "security_rule.612833470.source_port_ranges.#": "0",
                            "tags.%": "0"
                        },
                        "meta": {},
                        "tainted": false
                    },
                    "deposed": [],
                    "provider": "provider.azurerm"
                },
                "azurerm_network_security_rule.single_instance_sc_inbound_rule": {
                    "type": "azurerm_network_security_rule",
                    "depends_on": [
                        "azurerm_network_security_group.single_instance_sc_grp",
                        "azurerm_resource_group.single_instance_rs_grp"
                    ],
                    "primary": {
                        "id": "/subscriptions/0961db38-e6ef-4ff0-a9e1-7f67e1bf61bc/resourceGroups/single_inst_rsgrp/providers/Microsoft.Network/networkSecurityGroups/single_instance_sc_grp/securityRules/Inbouund access for SSH",
                        "attributes": {
                            "access": "Allow",
                            "description": "",
                            "destination_address_prefix": "*",
                            "destination_address_prefixes.#": "0",
                            "destination_port_range": "22",
                            "destination_port_ranges.#": "0",
                            "direction": "Inbound",
                            "id": "/subscriptions/0961db38-e6ef-4ff0-a9e1-7f67e1bf61bc/resourceGroups/single_inst_rsgrp/providers/Microsoft.Network/networkSecurityGroups/single_instance_sc_grp/securityRules/Inbouund access for SSH",
                            "name": "Inbouund access for SSH",
                            "network_security_group_name": "single_instance_sc_grp",
                            "priority": "101",
                            "protocol": "Tcp",
                            "resource_group_name": "single_inst_rsgrp",
                            "source_address_prefix": "*",
                            "source_address_prefixes.#": "0",
                            "source_port_range": "*",
                            "source_port_ranges.#": "0"
                        },
                        "meta": {},
                        "tainted": false
                    },
                    "deposed": [],
                    "provider": "provider.azurerm"
                },
                "azurerm_network_security_rule.single_instance_sc_outbound_rule": {
                    "type": "azurerm_network_security_rule",
                    "depends_on": [
                        "azurerm_network_security_group.single_instance_sc_grp",
                        "azurerm_resource_group.single_instance_rs_grp"
                    ],
                    "primary": {
                        "id": "/subscriptions/0961db38-e6ef-4ff0-a9e1-7f67e1bf61bc/resourceGroups/single_inst_rsgrp/providers/Microsoft.Network/networkSecurityGroups/single_instance_sc_grp/securityRules/Outbound access for TCP",
                        "attributes": {
                            "access": "Allow",
                            "description": "",
                            "destination_address_prefix": "*",
                            "destination_address_prefixes.#": "0",
                            "destination_port_range": "*",
                            "destination_port_ranges.#": "0",
                            "direction": "Outbound",
                            "id": "/subscriptions/0961db38-e6ef-4ff0-a9e1-7f67e1bf61bc/resourceGroups/single_inst_rsgrp/providers/Microsoft.Network/networkSecurityGroups/single_instance_sc_grp/securityRules/Outbound access for TCP",
                            "name": "Outbound access for TCP",
                            "network_security_group_name": "single_instance_sc_grp",
                            "priority": "100",
                            "protocol": "Tcp",
                            "resource_group_name": "single_inst_rsgrp",
                            "source_address_prefix": "*",
                            "source_address_prefixes.#": "0",
                            "source_port_range": "*",
                            "source_port_ranges.#": "0"
                        },
                        "meta": {},
                        "tainted": false
                    },
                    "deposed": [],
                    "provider": "provider.azurerm"
                },
                "azurerm_public_ip.single_instance_pub_ip": {
                    "type": "azurerm_public_ip",
                    "depends_on": [
                        "azurerm_resource_group.single_instance_rs_grp"
                    ],
                    "primary": {
                        "id": "/subscriptions/0961db38-e6ef-4ff0-a9e1-7f67e1bf61bc/resourceGroups/single_inst_rsgrp/providers/Microsoft.Network/publicIPAddresses/single_inst_pub_ip",
                        "attributes": {
                            "domain_name_label": "single-inst",
                            "fqdn": "single-inst.westeurope.cloudapp.azure.com",
                            "id": "/subscriptions/0961db38-e6ef-4ff0-a9e1-7f67e1bf61bc/resourceGroups/single_inst_rsgrp/providers/Microsoft.Network/publicIPAddresses/single_inst_pub_ip",
                            "ip_address": "52.174.239.157",
                            "location": "westeurope",
                            "name": "single_inst_pub_ip",
                            "public_ip_address_allocation": "static",
                            "resource_group_name": "single_inst_rsgrp",
                            "sku": "Basic",
                            "tags.%": "0",
                            "zones.#": "0"
                        },
                        "meta": {},
                        "tainted": false
                    },
                    "deposed": [],
                    "provider": "provider.azurerm"
                },
                "azurerm_resource_group.single_instance_rs_grp": {
                    "type": "azurerm_resource_group",
                    "depends_on": [],
                    "primary": {
                        "id": "/subscriptions/0961db38-e6ef-4ff0-a9e1-7f67e1bf61bc/resourceGroups/single_inst_rsgrp",
                        "attributes": {
                            "id": "/subscriptions/0961db38-e6ef-4ff0-a9e1-7f67e1bf61bc/resourceGroups/single_inst_rsgrp",
                            "location": "westeurope",
                            "name": "single_inst_rsgrp",
                            "tags.%": "0"
                        },
                        "meta": {},
                        "tainted": false
                    },
                    "deposed": [],
                    "provider": "provider.azurerm"
                },
                "azurerm_storage_account.single_instance_str_acc": {
                    "type": "azurerm_storage_account",
                    "depends_on": [
                        "azurerm_resource_group.single_instance_rs_grp"
                    ],
                    "primary": {
                        "id": "/subscriptions/0961db38-e6ef-4ff0-a9e1-7f67e1bf61bc/resourceGroups/single_inst_rsgrp/providers/Microsoft.Storage/storageAccounts/singleinststracc",
                        "attributes": {
                            "access_tier": "",
                            "account_encryption_source": "Microsoft.Storage",
                            "account_kind": "Storage",
                            "account_replication_type": "GRS",
                            "account_tier": "Standard",
                            "account_type": "Standard_GRS",
                            "enable_blob_encryption": "true",
                            "enable_file_encryption": "true",
                            "enable_https_traffic_only": "false",
                            "id": "/subscriptions/0961db38-e6ef-4ff0-a9e1-7f67e1bf61bc/resourceGroups/single_inst_rsgrp/providers/Microsoft.Storage/storageAccounts/singleinststracc",
                            "location": "westeurope",
                            "name": "singleinststracc",
                            "primary_access_key": "OWRMJHpv6qI0IDGRw7StbiUXviy8qgSnnC4q9lqzq8oKVxmuAV8ZexDP2bH2p65FHxNLf6y5gnJwuBcTAUsbNg==",
                            "primary_blob_connection_string": "DefaultEndpointsProtocol=https;BlobEndpoint=https://singleinststracc.blob.core.windows.net/;AccountName=singleinststracc;AccountKey=OWRMJHpv6qI0IDGRw7StbiUXviy8qgSnnC4q9lqzq8oKVxmuAV8ZexDP2bH2p65FHxNLf6y5gnJwuBcTAUsbNg==",
                            "primary_blob_endpoint": "https://singleinststracc.blob.core.windows.net/",
                            "primary_connection_string": "DefaultEndpointsProtocol=https;AccountName=singleinststracc;AccountKey=OWRMJHpv6qI0IDGRw7StbiUXviy8qgSnnC4q9lqzq8oKVxmuAV8ZexDP2bH2p65FHxNLf6y5gnJwuBcTAUsbNg==;EndpointSuffix=core.windows.net",
                            "primary_file_endpoint": "https://singleinststracc.file.core.windows.net/",
                            "primary_location": "westeurope",
                            "primary_queue_endpoint": "https://singleinststracc.queue.core.windows.net/",
                            "primary_table_endpoint": "https://singleinststracc.table.core.windows.net/",
                            "resource_group_name": "single_inst_rsgrp",
                            "secondary_access_key": "Qxhfuq0eoSlIJXqYE4Jqdg16l0+4sF+Jgz7ljwnk+JgVX8ditlPn6INLuwEJtXkihbhfwvjP3wqMzl3IhzX7hQ==",
                            "secondary_connection_string": "DefaultEndpointsProtocol=https;AccountName=singleinststracc;AccountKey=Qxhfuq0eoSlIJXqYE4Jqdg16l0+4sF+Jgz7ljwnk+JgVX8ditlPn6INLuwEJtXkihbhfwvjP3wqMzl3IhzX7hQ==;EndpointSuffix=core.windows.net",
                            "secondary_location": "northeurope",
                            "tags.%": "0"
                        },
                        "meta": {
                            "schema_version": "2"
                        },
                        "tainted": false
                    },
                    "deposed": [],
                    "provider": "provider.azurerm"
                },
                "azurerm_subnet.single_instance_subnet": {
                    "type": "azurerm_subnet",
                    "depends_on": [
                        "azurerm_network_security_group.single_instance_sc_grp",
                        "azurerm_resource_group.single_instance_rs_grp",
                        "azurerm_virtual_network.single_instance_network"
                    ],
                    "primary": {
                        "id": "/subscriptions/0961db38-e6ef-4ff0-a9e1-7f67e1bf61bc/resourceGroups/single_inst_rsgrp/providers/Microsoft.Network/virtualNetworks/single_instance_network/subnets/single_instance_subnet",
                        "attributes": {
                            "address_prefix": "192.168.1.0/24",
                            "id": "/subscriptions/0961db38-e6ef-4ff0-a9e1-7f67e1bf61bc/resourceGroups/single_inst_rsgrp/providers/Microsoft.Network/virtualNetworks/single_instance_network/subnets/single_instance_subnet",
                            "ip_configurations.#": "1",
                            "ip_configurations.2475742885": "/subscriptions/0961db38-e6ef-4ff0-a9e1-7f67e1bf61bc/resourceGroups/single_inst_rsgrp/providers/Microsoft.Network/networkInterfaces/single_inst_nic/ipConfigurations/single_inst_nic_conf",
                            "name": "single_instance_subnet",
                            "network_security_group_id": "/subscriptions/0961db38-e6ef-4ff0-a9e1-7f67e1bf61bc/resourceGroups/single_inst_rsgrp/providers/Microsoft.Network/networkSecurityGroups/single_instance_sc_grp",
                            "resource_group_name": "single_inst_rsgrp",
                            "service_endpoints.#": "0",
                            "virtual_network_name": "single_instance_network"
                        },
                        "meta": {},
                        "tainted": false
                    },
                    "deposed": [],
                    "provider": "provider.azurerm"
                },
                "azurerm_virtual_machine.single_instance": {
                    "type": "azurerm_virtual_machine",
                    "depends_on": [
                        "azurerm_network_interface.single_instance_nic",
                        "azurerm_resource_group.single_instance_rs_grp"
                    ],
                    "primary": {
                        "id": "/subscriptions/0961db38-e6ef-4ff0-a9e1-7f67e1bf61bc/resourceGroups/single_inst_rsgrp/providers/Microsoft.Compute/virtualMachines/single_instance",
                        "attributes": {
                            "delete_data_disks_on_termination": "true",
                            "delete_os_disk_on_termination": "true",
                            "id": "/subscriptions/0961db38-e6ef-4ff0-a9e1-7f67e1bf61bc/resourceGroups/single_inst_rsgrp/providers/Microsoft.Compute/virtualMachines/single_instance",
                            "identity.#": "0",
                            "location": "westeurope",
                            "name": "single_instance",
                            "network_interface_ids.#": "1",
                            "network_interface_ids.0": "/subscriptions/0961db38-e6ef-4ff0-a9e1-7f67e1bf61bc/resourceGroups/single_inst_rsgrp/providers/Microsoft.Network/networkInterfaces/single_inst_nic",
                            "os_profile.#": "1",
                            "os_profile.1189848310.admin_password": "",
                            "os_profile.1189848310.admin_username": "inst_adm",
                            "os_profile.1189848310.computer_name": "SingleInstance",
                            "os_profile.1189848310.custom_data": "",
                            "os_profile_linux_config.#": "1",
                            "os_profile_linux_config.69840937.disable_password_authentication": "true",
                            "os_profile_linux_config.69840937.ssh_keys.#": "1",
                            "os_profile_linux_config.69840937.ssh_keys.0.key_data": "ssh-rsa AAAAB3NzaC1yc2EAAAADAQABAAABAQDguopz/KqOR5Q7Yxk9dHPNT8vM/QEfIgqknUt8gS9wVBAdfI0R7QzPpa4Fh00kDnW8HKd/eXuxIy71bVR0Bd6Y2vafuTyMUvYifmVF92HSC+En9M3JNVQRu9axeUcrOqRuzaZvA2XEELQyO7tkZJa1BteprFC0teDUJ1ZmeK/1gsbEnCRr8OGFIbqHuayPGrYnfNx3qPS6LcAibJquIomD04FZjK4SkbGxpBHcDt0Y4r/W9CmRQ61CshUMA2v7vieh9IKZe2M7AB1oi/lHPF1p4BQIoELUrf1Y8F+MBo47LpY9OAFBVsGcZsaacJtV1E0waprhaGrKVt25Hi2kR6Lb HPCDS@HCESCNU251C1WX\n",
                            "os_profile_linux_config.69840937.ssh_keys.0.path": "/home/inst_adm/.ssh/authorized_keys",
                            "os_profile_secrets.#": "0",
                            "resource_group_name": "single_inst_rsgrp",
                            "storage_data_disk.#": "0",
                            "storage_image_reference.#": "1",
                            "storage_image_reference.1458860473.id": "",
                            "storage_image_reference.1458860473.offer": "UbuntuServer",
                            "storage_image_reference.1458860473.publisher": "Canonical",
                            "storage_image_reference.1458860473.sku": "16.04-LTS",
                            "storage_image_reference.1458860473.version": "latest",
                            "storage_os_disk.#": "1",
                            "storage_os_disk.0.caching": "ReadWrite",
                            "storage_os_disk.0.create_option": "FromImage",
                            "storage_os_disk.0.disk_size_gb": "30",
                            "storage_os_disk.0.image_uri": "",
                            "storage_os_disk.0.managed_disk_id": "/subscriptions/0961db38-e6ef-4ff0-a9e1-7f67e1bf61bc/resourceGroups/single_inst_rsgrp/providers/Microsoft.Compute/disks/singleinstosdisk",
                            "storage_os_disk.0.managed_disk_type": "Standard_LRS",
                            "storage_os_disk.0.name": "singleinstosdisk",
                            "storage_os_disk.0.os_type": "Linux",
                            "storage_os_disk.0.vhd_uri": "",
                            "tags.%": "0",
                            "vm_size": "Standard_DS1_v2",
                            "zones.#": "0"
                        },
                        "meta": {},
                        "tainted": false
                    },
                    "deposed": [],
                    "provider": "provider.azurerm"
                },
                "azurerm_virtual_network.single_instance_network": {
                    "type": "azurerm_virtual_network",
                    "depends_on": [
                        "azurerm_resource_group.single_instance_rs_grp"
                    ],
                    "primary": {
                        "id": "/subscriptions/0961db38-e6ef-4ff0-a9e1-7f67e1bf61bc/resourceGroups/single_inst_rsgrp/providers/Microsoft.Network/virtualNetworks/single_instance_network",
                        "attributes": {
                            "address_space.#": "1",
                            "address_space.0": "192.168.0.0/16",
                            "dns_servers.#": "0",
                            "id": "/subscriptions/0961db38-e6ef-4ff0-a9e1-7f67e1bf61bc/resourceGroups/single_inst_rsgrp/providers/Microsoft.Network/virtualNetworks/single_instance_network",
                            "location": "westeurope",
                            "name": "single_instance_network",
                            "resource_group_name": "single_inst_rsgrp",
                            "subnet.#": "1",
                            "subnet.619091975.address_prefix": "192.168.1.0/24",
                            "subnet.619091975.name": "single_instance_subnet",
                            "subnet.619091975.security_group": "/subscriptions/0961db38-e6ef-4ff0-a9e1-7f67e1bf61bc/resourceGroups/single_inst_rsgrp/providers/Microsoft.Network/networkSecurityGroups/single_instance_sc_grp",
                            "tags.%": "0"
                        },
                        "meta": {},
                        "tainted": false
                    },
                    "deposed": [],
                    "provider": "provider.azurerm"
                }
            },
            "depends_on": []
        }
    ]
}
